
Microsoft Visual Studio Solution File, Format Version 12.00
# Visual Studio 14
VisualStudioVersion = 14.0.25420.1
MinimumVisualStudioVersion = 10.0.40219.1
Project("{FAE04EC0-301F-11D3-BF4B-00C04F79EFBC}") = "Shearnie.Net", "Shearnie.Net\Shearnie.Net.csproj", "{FC26558A-9B3C-43FD-AF6E-CC80F9C6E797}"
EndProject
Project("{FAE04EC0-301F-11D3-BF4B-00C04F79EFBC}") = "Shearnie.Net.Tests", "Shearnie.Net.Tests\Shearnie.Net.Tests.csproj", "{3E04F103-296F-4202-85C1-D96752B90DAD}"
EndProject
Global
	GlobalSection(SolutionConfigurationPlatforms) = preSolution
		Debug|Any CPU = Debug|Any CPU
		Release|Any CPU = Release|Any CPU
	EndGlobalSection
	GlobalSection(ProjectConfigurationPlatforms) = postSolution
		{FC26558A-9B3C-43FD-AF6E-CC80F9C6E797}.Debug|Any CPU.ActiveCfg = Debug|Any CPU
		{FC26558A-9B3C-43FD-AF6E-CC80F9C6E797}.Debug|Any CPU.Build.0 = Debug|Any CPU
		{FC26558A-9B3C-43FD-AF6E-CC80F9C6E797}.Release|Any CPU.ActiveCfg = Release|Any CPU
		{FC26558A-9B3C-43FD-AF6E-CC80F9C6E797}.Release|Any CPU.Build.0 = Release|Any CPU
		{3E04F103-296F-4202-85C1-D96752B90DAD}.Debug|Any CPU.ActiveCfg = Debug|Any CPU
		{3E04F103-296F-4202-85C1-D96752B90DAD}.Debug|Any CPU.Build.0 = Debug|Any CPU
		{3E04F103-296F-4202-85C1-D96752B90DAD}.Release|Any CPU.ActiveCfg = Release|Any CPU
		{3E04F103-296F-4202-85C1-D96752B90DAD}.Release|Any CPU.Build.0 = Release|Any CPU
	EndGlobalSection
	GlobalSection(SolutionProperties) = preSolution
		HideSolutionNode = FALSE
	EndGlobalSection
EndGlobal
